// !$*UTF8*$!
{
	archiveVersion = 1;
	classes = {
	};
	objectVersion = 56;
	objects = {

/* Begin PBXBuildFile section */
		FB7A0CA62CA1C2160013C0AD /* ControladorPantallaCitas.swift in Sources */ = {isa = PBXBuildFile; fileRef = FB7A0CA52CA1C2160013C0AD /* ControladorPantallaCitas.swift */; };
		FBCA37CA2C9B2B7300985A27 /* AppDelegate.swift in Sources */ = {isa = PBXBuildFile; fileRef = FBCA37C92C9B2B7300985A27 /* AppDelegate.swift */; };
		FBCA37CC2C9B2B7300985A27 /* SceneDelegate.swift in Sources */ = {isa = PBXBuildFile; fileRef = FBCA37CB2C9B2B7300985A27 /* SceneDelegate.swift */; };
		FBCA37CE2C9B2B7300985A27 /* ViewController.swift in Sources */ = {isa = PBXBuildFile; fileRef = FBCA37CD2C9B2B7300985A27 /* ViewController.swift */; };
		FBCA37D12C9B2B7300985A27 /* Base in Resources */ = {isa = PBXBuildFile; fileRef = FBCA37D02C9B2B7300985A27 /* Base */; };
		FBCA37D32C9B2B7400985A27 /* Assets.xcassets in Resources */ = {isa = PBXBuildFile; fileRef = FBCA37D22C9B2B7400985A27 /* Assets.xcassets */; };
		FBCA37D62C9B2B7400985A27 /* Base in Resources */ = {isa = PBXBuildFile; fileRef = FBCA37D52C9B2B7400985A27 /* Base */; };
		FBCA37E12C9B2B7400985A27 /* boceto_1Tests.swift in Sources */ = {isa = PBXBuildFile; fileRef = FBCA37E02C9B2B7400985A27 /* boceto_1Tests.swift */; };
		FBCA37EB2C9B2B7400985A27 /* boceto_1UITests.swift in Sources */ = {isa = PBXBuildFile; fileRef = FBCA37EA2C9B2B7400985A27 /* boceto_1UITests.swift */; };
		FBCA37ED2C9B2B7400985A27 /* boceto_1UITestsLaunchTests.swift in Sources */ = {isa = PBXBuildFile; fileRef = FBCA37EC2C9B2B7400985A27 /* boceto_1UITestsLaunchTests.swift */; };
		FBCA37FB2C9B364900985A27 /* Cita.swift in Sources */ = {isa = PBXBuildFile; fileRef = FBCA37FA2C9B364900985A27 /* Cita.swift */; };
		FBCA37FE2C9B36E600985A27 /* generador_de_citas.swift in Sources */ = {isa = PBXBuildFile; fileRef = FBCA37FD2C9B36E600985A27 /* generador_de_citas.swift */; };
		FBFE8AD52CA70E5600363A41 /* ControladorGeneradorCita.swift in Sources */ = {isa = PBXBuildFile; fileRef = FBFE8AD42CA70E5600363A41 /* ControladorGeneradorCita.swift */; };
/* End PBXBuildFile section */

/* Begin PBXContainerItemProxy section */
		FBCA37DD2C9B2B7400985A27 /* PBXContainerItemProxy */ = {
			isa = PBXContainerItemProxy;
			containerPortal = FBCA37BE2C9B2B7300985A27 /* Project object */;
			proxyType = 1;
			remoteGlobalIDString = FBCA37C52C9B2B7300985A27;
			remoteInfo = boceto_1;
		};
		FBCA37E72C9B2B7400985A27 /* PBXContainerItemProxy */ = {
			isa = PBXContainerItemProxy;
			containerPortal = FBCA37BE2C9B2B7300985A27 /* Project object */;
			proxyType = 1;
			remoteGlobalIDString = FBCA37C52C9B2B7300985A27;
			remoteInfo = boceto_1;
		};
/* End PBXContainerItemProxy section */

/* Begin PBXFileReference section */
		FB7A0CA52CA1C2160013C0AD /* ControladorPantallaCitas.swift */ = {isa = PBXFileReference; lastKnownFileType = sourcecode.swift; path = ControladorPantallaCitas.swift; sourceTree = "<group>"; };
		FBCA37C62C9B2B7300985A27 /* boceto_1.app */ = {isa = PBXFileReference; explicitFileType = wrapper.application; includeInIndex = 0; path = boceto_1.app; sourceTree = BUILT_PRODUCTS_DIR; };
		FBCA37C92C9B2B7300985A27 /* AppDelegate.swift */ = {isa = PBXFileReference; lastKnownFileType = sourcecode.swift; path = AppDelegate.swift; sourceTree = "<group>"; };
		FBCA37CB2C9B2B7300985A27 /* SceneDelegate.swift */ = {isa = PBXFileReference; lastKnownFileType = sourcecode.swift; path = SceneDelegate.swift; sourceTree = "<group>"; };
		FBCA37CD2C9B2B7300985A27 /* ViewController.swift */ = {isa = PBXFileReference; lastKnownFileType = sourcecode.swift; path = ViewController.swift; sourceTree = "<group>"; };
		FBCA37D02C9B2B7300985A27 /* Base */ = {isa = PBXFileReference; lastKnownFileType = file.storyboard; name = Base; path = Base.lproj/Main.storyboard; sourceTree = "<group>"; };
		FBCA37D22C9B2B7400985A27 /* Assets.xcassets */ = {isa = PBXFileReference; lastKnownFileType = folder.assetcatalog; path = Assets.xcassets; sourceTree = "<group>"; };
		FBCA37D52C9B2B7400985A27 /* Base */ = {isa = PBXFileReference; lastKnownFileType = file.storyboard; name = Base; path = Base.lproj/LaunchScreen.storyboard; sourceTree = "<group>"; };
		FBCA37D72C9B2B7400985A27 /* Info.plist */ = {isa = PBXFileReference; lastKnownFileType = text.plist.xml; path = Info.plist; sourceTree = "<group>"; };
		FBCA37DC2C9B2B7400985A27 /* boceto_1Tests.xctest */ = {isa = PBXFileReference; explicitFileType = wrapper.cfbundle; includeInIndex = 0; path = boceto_1Tests.xctest; sourceTree = BUILT_PRODUCTS_DIR; };
		FBCA37E02C9B2B7400985A27 /* boceto_1Tests.swift */ = {isa = PBXFileReference; lastKnownFileType = sourcecode.swift; path = boceto_1Tests.swift; sourceTree = "<group>"; };
		FBCA37E62C9B2B7400985A27 /* boceto_1UITests.xctest */ = {isa = PBXFileReference; explicitFileType = wrapper.cfbundle; includeInIndex = 0; path = boceto_1UITests.xctest; sourceTree = BUILT_PRODUCTS_DIR; };
		FBCA37EA2C9B2B7400985A27 /* boceto_1UITests.swift */ = {isa = PBXFileReference; lastKnownFileType = sourcecode.swift; path = boceto_1UITests.swift; sourceTree = "<group>"; };
		FBCA37EC2C9B2B7400985A27 /* boceto_1UITestsLaunchTests.swift */ = {isa = PBXFileReference; lastKnownFileType = sourcecode.swift; path = boceto_1UITestsLaunchTests.swift; sourceTree = "<group>"; };
		FBCA37FA2C9B364900985A27 /* Cita.swift */ = {isa = PBXFileReference; lastKnownFileType = sourcecode.swift; path = Cita.swift; sourceTree = "<group>"; };
		FBCA37FD2C9B36E600985A27 /* generador_de_citas.swift */ = {isa = PBXFileReference; lastKnownFileType = sourcecode.swift; path = generador_de_citas.swift; sourceTree = "<group>"; };
		FBFE8AD42CA70E5600363A41 /* ControladorGeneradorCita.swift */ = {isa = PBXFileReference; lastKnownFileType = sourcecode.swift; path = ControladorGeneradorCita.swift; sourceTree = "<group>"; };
/* End PBXFileReference section */

/* Begin PBXFrameworksBuildPhase section */
		FBCA37C32C9B2B7300985A27 /* Frameworks */ = {
			isa = PBXFrameworksBuildPhase;
			buildActionMask = 2147483647;
			files = (
			);
			runOnlyForDeploymentPostprocessing = 0;
		};
		FBCA37D92C9B2B7400985A27 /* Frameworks */ = {
			isa = PBXFrameworksBuildPhase;
			buildActionMask = 2147483647;
			files = (
			);
			runOnlyForDeploymentPostprocessing = 0;
		};
		FBCA37E32C9B2B7400985A27 /* Frameworks */ = {
			isa = PBXFrameworksBuildPhase;
			buildActionMask = 2147483647;
			files = (
			);
			runOnlyForDeploymentPostprocessing = 0;
		};
/* End PBXFrameworksBuildPhase section */

/* Begin PBXGroup section */
		FB93DB672C9DD94500D2486B /* controladores_de_vistas */ = {
			isa = PBXGroup;
			children = (
				FB7A0CA52CA1C2160013C0AD /* ControladorPantallaCitas.swift */,
				FBFE8AD42CA70E5600363A41 /* ControladorGeneradorCita.swift */,
			);
			path = controladores_de_vistas;
			sourceTree = "<group>";
		};
		FBCA37BD2C9B2B7300985A27 = {
			isa = PBXGroup;
			children = (
				FBCA37C82C9B2B7300985A27 /* boceto_1 */,
				FBCA37DF2C9B2B7400985A27 /* boceto_1Tests */,
				FBCA37E92C9B2B7400985A27 /* boceto_1UITests */,
				FBCA37C72C9B2B7300985A27 /* Products */,
			);
			sourceTree = "<group>";
		};
		FBCA37C72C9B2B7300985A27 /* Products */ = {
			isa = PBXGroup;
			children = (
				FBCA37C62C9B2B7300985A27 /* boceto_1.app */,
				FBCA37DC2C9B2B7400985A27 /* boceto_1Tests.xctest */,
				FBCA37E62C9B2B7400985A27 /* boceto_1UITests.xctest */,
			);
			name = Products;
			sourceTree = "<group>";
		};
		FBCA37C82C9B2B7300985A27 /* boceto_1 */ = {
			isa = PBXGroup;
			children = (
				FB93DB672C9DD94500D2486B /* controladores_de_vistas */,
				FBCA37FC2C9B36B200985A27 /* controlador */,
				FBCA37F92C9B362600985A27 /* modelo */,
				FBCA37C92C9B2B7300985A27 /* AppDelegate.swift */,
				FBCA37CB2C9B2B7300985A27 /* SceneDelegate.swift */,
				FBCA37CD2C9B2B7300985A27 /* ViewController.swift */,
				FBCA37CF2C9B2B7300985A27 /* Main.storyboard */,
				FBCA37D22C9B2B7400985A27 /* Assets.xcassets */,
				FBCA37D42C9B2B7400985A27 /* LaunchScreen.storyboard */,
				FBCA37D72C9B2B7400985A27 /* Info.plist */,
			);
			path = boceto_1;
			sourceTree = "<group>";
		};
		FBCA37DF2C9B2B7400985A27 /* boceto_1Tests */ = {
			isa = PBXGroup;
			children = (
				FBCA37E02C9B2B7400985A27 /* boceto_1Tests.swift */,
			);
			path = boceto_1Tests;
			sourceTree = "<group>";
		};
		FBCA37E92C9B2B7400985A27 /* boceto_1UITests */ = {
			isa = PBXGroup;
			children = (
				FBCA37EA2C9B2B7400985A27 /* boceto_1UITests.swift */,
				FBCA37EC2C9B2B7400985A27 /* boceto_1UITestsLaunchTests.swift */,
			);
			path = boceto_1UITests;
			sourceTree = "<group>";
		};
		FBCA37F92C9B362600985A27 /* modelo */ = {
			isa = PBXGroup;
			children = (
				FBCA37FA2C9B364900985A27 /* Cita.swift */,
			);
			path = modelo;
			sourceTree = "<group>";
		};
		FBCA37FC2C9B36B200985A27 /* controlador */ = {
			isa = PBXGroup;
			children = (
				FBCA37FD2C9B36E600985A27 /* generador_de_citas.swift */,
			);
			path = controlador;
			sourceTree = "<group>";
		};
/* End PBXGroup section */

/* Begin PBXNativeTarget section */
		FBCA37C52C9B2B7300985A27 /* boceto_1 */ = {
			isa = PBXNativeTarget;
			buildConfigurationList = FBCA37F02C9B2B7400985A27 /* Build configuration list for PBXNativeTarget "boceto_1" */;
			buildPhases = (
				FBCA37C22C9B2B7300985A27 /* Sources */,
				FBCA37C32C9B2B7300985A27 /* Frameworks */,
				FBCA37C42C9B2B7300985A27 /* Resources */,
			);
			buildRules = (
			);
			dependencies = (
			);
			name = boceto_1;
			productName = boceto_1;
			productReference = FBCA37C62C9B2B7300985A27 /* boceto_1.app */;
			productType = "com.apple.product-type.application";
		};
		FBCA37DB2C9B2B7400985A27 /* boceto_1Tests */ = {
			isa = PBXNativeTarget;
			buildConfigurationList = FBCA37F32C9B2B7400985A27 /* Build configuration list for PBXNativeTarget "boceto_1Tests" */;
			buildPhases = (
				FBCA37D82C9B2B7400985A27 /* Sources */,
				FBCA37D92C9B2B7400985A27 /* Frameworks */,
				FBCA37DA2C9B2B7400985A27 /* Resources */,
			);
			buildRules = (
			);
			dependencies = (
				FBCA37DE2C9B2B7400985A27 /* PBXTargetDependency */,
			);
			name = boceto_1Tests;
			productName = boceto_1Tests;
			productReference = FBCA37DC2C9B2B7400985A27 /* boceto_1Tests.xctest */;
			productType = "com.apple.product-type.bundle.unit-test";
		};
		FBCA37E52C9B2B7400985A27 /* boceto_1UITests */ = {
			isa = PBXNativeTarget;
			buildConfigurationList = FBCA37F62C9B2B7400985A27 /* Build configuration list for PBXNativeTarget "boceto_1UITests" */;
			buildPhases = (
				FBCA37E22C9B2B7400985A27 /* Sources */,
				FBCA37E32C9B2B7400985A27 /* Frameworks */,
				FBCA37E42C9B2B7400985A27 /* Resources */,
			);
			buildRules = (
			);
			dependencies = (
				FBCA37E82C9B2B7400985A27 /* PBXTargetDependency */,
			);
			name = boceto_1UITests;
			productName = boceto_1UITests;
			productReference = FBCA37E62C9B2B7400985A27 /* boceto_1UITests.xctest */;
			productType = "com.apple.product-type.bundle.ui-testing";
		};
/* End PBXNativeTarget section */

/* Begin PBXProject section */
		FBCA37BE2C9B2B7300985A27 /* Project object */ = {
			isa = PBXProject;
			attributes = {
				BuildIndependentTargetsInParallel = 1;
				LastSwiftUpdateCheck = 1540;
				LastUpgradeCheck = 1540;
				TargetAttributes = {
					FBCA37C52C9B2B7300985A27 = {
						CreatedOnToolsVersion = 15.4;
					};
					FBCA37DB2C9B2B7400985A27 = {
						CreatedOnToolsVersion = 15.4;
						TestTargetID = FBCA37C52C9B2B7300985A27;
					};
					FBCA37E52C9B2B7400985A27 = {
						CreatedOnToolsVersion = 15.4;
						TestTargetID = FBCA37C52C9B2B7300985A27;
					};
				};
			};
			buildConfigurationList = FBCA37C12C9B2B7300985A27 /* Build configuration list for PBXProject "boceto_1" */;
			compatibilityVersion = "Xcode 14.0";
			developmentRegion = en;
			hasScannedForEncodings = 0;
			knownRegions = (
				en,
				Base,
			);
			mainGroup = FBCA37BD2C9B2B7300985A27;
			productRefGroup = FBCA37C72C9B2B7300985A27 /* Products */;
			projectDirPath = "";
			projectRoot = "";
			targets = (
				FBCA37C52C9B2B7300985A27 /* boceto_1 */,
				FBCA37DB2C9B2B7400985A27 /* boceto_1Tests */,
				FBCA37E52C9B2B7400985A27 /* boceto_1UITests */,
			);
		};
/* End PBXProject section */

/* Begin PBXResourcesBuildPhase section */
		FBCA37C42C9B2B7300985A27 /* Resources */ = {
			isa = PBXResourcesBuildPhase;
			buildActionMask = 2147483647;
			files = (
				FBCA37D32C9B2B7400985A27 /* Assets.xcassets in Resources */,
				FBCA37D62C9B2B7400985A27 /* Base in Resources */,
				FBCA37D12C9B2B7300985A27 /* Base in Resources */,
			);
			runOnlyForDeploymentPostprocessing = 0;
		};
		FBCA37DA2C9B2B7400985A27 /* Resources */ = {
			isa = PBXResourcesBuildPhase;
			buildActionMask = 2147483647;
			files = (
			);
			runOnlyForDeploymentPostprocessing = 0;
		};
		FBCA37E42C9B2B7400985A27 /* Resources */ = {
			isa = PBXResourcesBuildPhase;
			buildActionMask = 2147483647;
			files = (
			);
			runOnlyForDeploymentPostprocessing = 0;
		};
/* End PBXResourcesBuildPhase section */

/* Begin PBXSourcesBuildPhase section */
		FBCA37C22C9B2B7300985A27 /* Sources */ = {
			isa = PBXSourcesBuildPhase;
			buildActionMask = 2147483647;
			files = (
				FBCA37CE2C9B2B7300985A27 /* ViewController.swift in Sources */,
				FBCA37CA2C9B2B7300985A27 /* AppDelegate.swift in Sources */,
				FBCA37FE2C9B36E600985A27 /* generador_de_citas.swift in Sources */,
				FBFE8AD52CA70E5600363A41 /* ControladorGeneradorCita.swift in Sources */,
				FBCA37FB2C9B364900985A27 /* Cita.swift in Sources */,
				FBCA37CC2C9B2B7300985A27 /* SceneDelegate.swift in Sources */,
				FB7A0CA62CA1C2160013C0AD /* ControladorPantallaCitas.swift in Sources */,
			);
			runOnlyForDeploymentPostprocessing = 0;
		};
		FBCA37D82C9B2B7400985A27 /* Sources */ = {
			isa = PBXSourcesBuildPhase;
			buildActionMask = 2147483647;
			files = (
				FBCA37E12C9B2B7400985A27 /* boceto_1Tests.swift in Sources */,
			);
			runOnlyForDeploymentPostprocessing = 0;
		};
		FBCA37E22C9B2B7400985A27 /* Sources */ = {
			isa = PBXSourcesBuildPhase;
			buildActionMask = 2147483647;
			files = (
				FBCA37ED2C9B2B7400985A27 /* boceto_1UITestsLaunchTests.swift in Sources */,
				FBCA37EB2C9B2B7400985A27 /* boceto_1UITests.swift in Sources */,
			);
			runOnlyForDeploymentPostprocessing = 0;
		};
/* End PBXSourcesBuildPhase section */

/* Begin PBXTargetDependency section */
		FBCA37DE2C9B2B7400985A27 /* PBXTargetDependency */ = {
			isa = PBXTargetDependency;
			target = FBCA37C52C9B2B7300985A27 /* boceto_1 */;
			targetProxy = FBCA37DD2C9B2B7400985A27 /* PBXContainerItemProxy */;
		};
		FBCA37E82C9B2B7400985A27 /* PBXTargetDependency */ = {
			isa = PBXTargetDependency;
			target = FBCA37C52C9B2B7300985A27 /* boceto_1 */;
			targetProxy = FBCA37E72C9B2B7400985A27 /* PBXContainerItemProxy */;
		};
/* End PBXTargetDependency section */

/* Begin PBXVariantGroup section */
		FBCA37CF2C9B2B7300985A27 /* Main.storyboard */ = {
			isa = PBXVariantGroup;
			children = (
				FBCA37D02C9B2B7300985A27 /* Base */,
			);
			name = Main.storyboard;
			sourceTree = "<group>";
		};
		FBCA37D42C9B2B7400985A27 /* LaunchScreen.storyboard */ = {
			isa = PBXVariantGroup;
			children = (
				FBCA37D52C9B2B7400985A27 /* Base */,
			);
			name = LaunchScreen.storyboard;
			sourceTree = "<group>";
		};
/* End PBXVariantGroup section */

/* Begin XCBuildConfiguration section */
		FBCA37EE2C9B2B7400985A27 /* Debug */ = {
			isa = XCBuildConfiguration;
			buildSettings = {
				ALWAYS_SEARCH_USER_PATHS = NO;
				ASSETCATALOG_COMPILER_GENERATE_SWIFT_ASSET_SYMBOL_EXTENSIONS = YES;
				CLANG_ANALYZER_NONNULL = YES;
				CLANG_ANALYZER_NUMBER_OBJECT_CONVERSION = YES_AGGRESSIVE;
				CLANG_CXX_LANGUAGE_STANDARD = "gnu++20";
				CLANG_ENABLE_MODULES = YES;
				CLANG_ENABLE_OBJC_ARC = YES;
				CLANG_ENABLE_OBJC_WEAK = YES;
				CLANG_WARN_BLOCK_CAPTURE_AUTORELEASING = YES;
				CLANG_WARN_BOOL_CONVERSION = YES;
				CLANG_WARN_COMMA = YES;
				CLANG_WARN_CONSTANT_CONVERSION = YES;
				CLANG_WARN_DEPRECATED_OBJC_IMPLEMENTATIONS = YES;
				CLANG_WARN_DIRECT_OBJC_ISA_USAGE = YES_ERROR;
				CLANG_WARN_DOCUMENTATION_COMMENTS = YES;
				CLANG_WARN_EMPTY_BODY = YES;
				CLANG_WARN_ENUM_CONVERSION = YES;
				CLANG_WARN_INFINITE_RECURSION = YES;
				CLANG_WARN_INT_CONVERSION = YES;
				CLANG_WARN_NON_LITERAL_NULL_CONVERSION = YES;
				CLANG_WARN_OBJC_IMPLICIT_RETAIN_SELF = YES;
				CLANG_WARN_OBJC_LITERAL_CONVERSION = YES;
				CLANG_WARN_OBJC_ROOT_CLASS = YES_ERROR;
				CLANG_WARN_QUOTED_INCLUDE_IN_FRAMEWORK_HEADER = YES;
				CLANG_WARN_RANGE_LOOP_ANALYSIS = YES;
				CLANG_WARN_STRICT_PROTOTYPES = YES;
				CLANG_WARN_SUSPICIOUS_MOVE = YES;
				CLANG_WARN_UNGUARDED_AVAILABILITY = YES_AGGRESSIVE;
				CLANG_WARN_UNREACHABLE_CODE = YES;
				CLANG_WARN__DUPLICATE_METHOD_MATCH = YES;
				COPY_PHASE_STRIP = NO;
				DEBUG_INFORMATION_FORMAT = dwarf;
				ENABLE_STRICT_OBJC_MSGSEND = YES;
				ENABLE_TESTABILITY = YES;
				ENABLE_USER_SCRIPT_SANDBOXING = YES;
				GCC_C_LANGUAGE_STANDARD = gnu17;
				GCC_DYNAMIC_NO_PIC = NO;
				GCC_NO_COMMON_BLOCKS = YES;
				GCC_OPTIMIZATION_LEVEL = 0;
				GCC_PREPROCESSOR_DEFINITIONS = (
					"DEBUG=1",
					"$(inherited)",
				);
				GCC_WARN_64_TO_32_BIT_CONVERSION = YES;
				GCC_WARN_ABOUT_RETURN_TYPE = YES_ERROR;
				GCC_WARN_UNDECLARED_SELECTOR = YES;
				GCC_WARN_UNINITIALIZED_AUTOS = YES_AGGRESSIVE;
				GCC_WARN_UNUSED_FUNCTION = YES;
				GCC_WARN_UNUSED_VARIABLE = YES;
				IPHONEOS_DEPLOYMENT_TARGET = 17.5;
				LOCALIZATION_PREFERS_STRING_CATALOGS = YES;
				MTL_ENABLE_DEBUG_INFO = INCLUDE_SOURCE;
				MTL_FAST_MATH = YES;
				ONLY_ACTIVE_ARCH = YES;
				SDKROOT = iphoneos;
				SWIFT_ACTIVE_COMPILATION_CONDITIONS = "DEBUG $(inherited)";
				SWIFT_OPTIMIZATION_LEVEL = "-Onone";
			};
			name = Debug;
		};
		FBCA37EF2C9B2B7400985A27 /* Release */ = {
			isa = XCBuildConfiguration;
			buildSettings = {
				ALWAYS_SEARCH_USER_PATHS = NO;
				ASSETCATALOG_COMPILER_GENERATE_SWIFT_ASSET_SYMBOL_EXTENSIONS = YES;
				CLANG_ANALYZER_NONNULL = YES;
				CLANG_ANALYZER_NUMBER_OBJECT_CONVERSION = YES_AGGRESSIVE;
				CLANG_CXX_LANGUAGE_STANDARD = "gnu++20";
				CLANG_ENABLE_MODULES = YES;
				CLANG_ENABLE_OBJC_ARC = YES;
				CLANG_ENABLE_OBJC_WEAK = YES;
				CLANG_WARN_BLOCK_CAPTURE_AUTORELEASING = YES;
				CLANG_WARN_BOOL_CONVERSION = YES;
				CLANG_WARN_COMMA = YES;
				CLANG_WARN_CONSTANT_CONVERSION = YES;
				CLANG_WARN_DEPRECATED_OBJC_IMPLEMENTATIONS = YES;
				CLANG_WARN_DIRECT_OBJC_ISA_USAGE = YES_ERROR;
				CLANG_WARN_DOCUMENTATION_COMMENTS = YES;
				CLANG_WARN_EMPTY_BODY = YES;
				CLANG_WARN_ENUM_CONVERSION = YES;
				CLANG_WARN_INFINITE_RECURSION = YES;
				CLANG_WARN_INT_CONVERSION = YES;
				CLANG_WARN_NON_LITERAL_NULL_CONVERSION = YES;
				CLANG_WARN_OBJC_IMPLICIT_RETAIN_SELF = YES;
				CLANG_WARN_OBJC_LITERAL_CONVERSION = YES;
				CLANG_WARN_OBJC_ROOT_CLASS = YES_ERROR;
				CLANG_WARN_QUOTED_INCLUDE_IN_FRAMEWORK_HEADER = YES;
				CLANG_WARN_RANGE_LOOP_ANALYSIS = YES;
				CLANG_WARN_STRICT_PROTOTYPES = YES;
				CLANG_WARN_SUSPICIOUS_MOVE = YES;
				CLANG_WARN_UNGUARDED_AVAILABILITY = YES_AGGRESSIVE;
				CLANG_WARN_UNREACHABLE_CODE = YES;
				CLANG_WARN__DUPLICATE_METHOD_MATCH = YES;
				COPY_PHASE_STRIP = NO;
				DEBUG_INFORMATION_FORMAT = "dwarf-with-dsym";
				ENABLE_NS_ASSERTIONS = NO;
				ENABLE_STRICT_OBJC_MSGSEND = YES;
				ENABLE_USER_SCRIPT_SANDBOXING = YES;
				GCC_C_LANGUAGE_STANDARD = gnu17;
				GCC_NO_COMMON_BLOCKS = YES;
				GCC_WARN_64_TO_32_BIT_CONVERSION = YES;
				GCC_WARN_ABOUT_RETURN_TYPE = YES_ERROR;
				GCC_WARN_UNDECLARED_SELECTOR = YES;
				GCC_WARN_UNINITIALIZED_AUTOS = YES_AGGRESSIVE;
				GCC_WARN_UNUSED_FUNCTION = YES;
				GCC_WARN_UNUSED_VARIABLE = YES;
				IPHONEOS_DEPLOYMENT_TARGET = 17.5;
				LOCALIZATION_PREFERS_STRING_CATALOGS = YES;
				MTL_ENABLE_DEBUG_INFO = NO;
				MTL_FAST_MATH = YES;
				SDKROOT = iphoneos;
				SWIFT_COMPILATION_MODE = wholemodule;
				VALIDATE_PRODUCT = YES;
			};
			name = Release;
		};
		FBCA37F12C9B2B7400985A27 /* Debug */ = {
			isa = XCBuildConfiguration;
			buildSettings = {
				ASSETCATALOG_COMPILER_APPICON_NAME = AppIcon;
				ASSETCATALOG_COMPILER_GLOBAL_ACCENT_COLOR_NAME = AccentColor;
				CODE_SIGN_STYLE = Automatic;
				CURRENT_PROJECT_VERSION = 1;
				GENERATE_INFOPLIST_FILE = YES;
				INFOPLIST_FILE = boceto_1/Info.plist;
				INFOPLIST_KEY_UIApplicationSupportsIndirectInputEvents = YES;
				INFOPLIST_KEY_UILaunchStoryboardName = LaunchScreen;
				INFOPLIST_KEY_UIMainStoryboardFile = Main;
				INFOPLIST_KEY_UISupportedInterfaceOrientations_iPad = "UIInterfaceOrientationPortrait UIInterfaceOrientationPortraitUpsideDown UIInterfaceOrientationLandscapeLeft UIInterfaceOrientationLandscapeRight";
				INFOPLIST_KEY_UISupportedInterfaceOrientations_iPhone = "UIInterfaceOrientationPortrait UIInterfaceOrientationLandscapeLeft UIInterfaceOrientationLandscapeRight";
				LD_RUNPATH_SEARCH_PATHS = (
					"$(inherited)",
					"@executable_path/Frameworks",
				);
				MARKETING_VERSION = 1.0;
				PRODUCT_BUNDLE_IDENTIFIER = "DDMI.boceto-1";
				PRODUCT_NAME = "$(TARGET_NAME)";
				SWIFT_EMIT_LOC_STRINGS = YES;
				SWIFT_VERSION = 5.0;
				TARGETED_DEVICE_FAMILY = "1,2";
			};
			name = Debug;
		};
		FBCA37F22C9B2B7400985A27 /* Release */ = {
			isa = XCBuildConfiguration;
			buildSettings = {
				ASSETCATALOG_COMPILER_APPICON_NAME = AppIcon;
				ASSETCATALOG_COMPILER_GLOBAL_ACCENT_COLOR_NAME = AccentColor;
				CODE_SIGN_STYLE = Automatic;
				CURRENT_PROJECT_VERSION = 1;
				GENERATE_INFOPLIST_FILE = YES;
				INFOPLIST_FILE = boceto_1/Info.plist;
				INFOPLIST_KEY_UIApplicationSupportsIndirectInputEvents = YES;
				INFOPLIST_KEY_UILaunchStoryboardName = LaunchScreen;
				INFOPLIST_KEY_UIMainStoryboardFile = Main;
				INFOPLIST_KEY_UISupportedInterfaceOrientations_iPad = "UIInterfaceOrientationPortrait UIInterfaceOrientationPortraitUpsideDown UIInterfaceOrientationLandscapeLeft UIInterfaceOrientationLandscapeRight";
				INFOPLIST_KEY_UISupportedInterfaceOrientations_iPhone = "UIInterfaceOrientationPortrait UIInterfaceOrientationLandscapeLeft UIInterfaceOrientationLandscapeRight";
				LD_RUNPATH_SEARCH_PATHS = (
					"$(inherited)",
					"@executable_path/Frameworks",
				);
				MARKETING_VERSION = 1.0;
				PRODUCT_BUNDLE_IDENTIFIER = "DDMI.boceto-1";
				PRODUCT_NAME = "$(TARGET_NAME)";
				SWIFT_EMIT_LOC_STRINGS = YES;
				SWIFT_VERSION = 5.0;
				TARGETED_DEVICE_FAMILY = "1,2";
			};
			name = Release;
		};
		FBCA37F42C9B2B7400985A27 /* Debug */ = {
			isa = XCBuildConfiguration;
			buildSettings = {
				ALWAYS_EMBED_SWIFT_STANDARD_LIBRARIES = YES;
				BUNDLE_LOADER = "$(TEST_HOST)";
				CODE_SIGN_STYLE = Automatic;
				CURRENT_PROJECT_VERSION = 1;
				GENERATE_INFOPLIST_FILE = YES;
				IPHONEOS_DEPLOYMENT_TARGET = 17.5;
				MARKETING_VERSION = 1.0;
				PRODUCT_BUNDLE_IDENTIFIER = "DDMI.boceto-1Tests";
				PRODUCT_NAME = "$(TARGET_NAME)";
				SWIFT_EMIT_LOC_STRINGS = NO;
				SWIFT_VERSION = 5.0;
				TARGETED_DEVICE_FAMILY = "1,2";
				TEST_HOST = "$(BUILT_PRODUCTS_DIR)/boceto_1.app/$(BUNDLE_EXECUTABLE_FOLDER_PATH)/boceto_1";
			};
			name = Debug;
		};
		FBCA37F52C9B2B7400985A27 /* Release */ = {
			isa = XCBuildConfiguration;
			buildSettings = {
				ALWAYS_EMBED_SWIFT_STANDARD_LIBRARIES = YES;
				BUNDLE_LOADER = "$(TEST_HOST)";
				CODE_SIGN_STYLE = Automatic;
				CURRENT_PROJECT_VERSION = 1;
				GENERATE_INFOPLIST_FILE = YES;
				IPHONEOS_DEPLOYMENT_TARGET = 17.5;
				MARKETING_VERSION = 1.0;
				PRODUCT_BUNDLE_IDENTIFIER = "DDMI.boceto-1Tests";
				PRODUCT_NAME = "$(TARGET_NAME)";
				SWIFT_EMIT_LOC_STRINGS = NO;
				SWIFT_VERSION = 5.0;
				TARGETED_DEVICE_FAMILY = "1,2";
				TEST_HOST = "$(BUILT_PRODUCTS_DIR)/boceto_1.app/$(BUNDLE_EXECUTABLE_FOLDER_PATH)/boceto_1";
			};
			name = Release;
		};
		FBCA37F72C9B2B7400985A27 /* Debug */ = {
			isa = XCBuildConfiguration;
			buildSettings = {
				ALWAYS_EMBED_SWIFT_STANDARD_LIBRARIES = YES;
				CODE_SIGN_STYLE = Automatic;
				CURRENT_PROJECT_VERSION = 1;
				GENERATE_INFOPLIST_FILE = YES;
				MARKETING_VERSION = 1.0;
				PRODUCT_BUNDLE_IDENTIFIER = "DDMI.boceto-1UITests";
				PRODUCT_NAME = "$(TARGET_NAME)";
				SWIFT_EMIT_LOC_STRINGS = NO;
				SWIFT_VERSION = 5.0;
				TARGETED_DEVICE_FAMILY = "1,2";
				TEST_TARGET_NAME = boceto_1;
			};
			name = Debug;
		};
		FBCA37F82C9B2B7400985A27 /* Release */ = {
			isa = XCBuildConfiguration;
			buildSettings = {
				ALWAYS_EMBED_SWIFT_STANDARD_LIBRARIES = YES;
				CODE_SIGN_STYLE = Automatic;
				CURRENT_PROJECT_VERSION = 1;
				GENERATE_INFOPLIST_FILE = YES;
				MARKETING_VERSION = 1.0;
				PRODUCT_BUNDLE_IDENTIFIER = "DDMI.boceto-1UITests";
				PRODUCT_NAME = "$(TARGET_NAME)";
				SWIFT_EMIT_LOC_STRINGS = NO;
				SWIFT_VERSION = 5.0;
				TARGETED_DEVICE_FAMILY = "1,2";
				TEST_TARGET_NAME = boceto_1;
			};
			name = Release;
		};
/* End XCBuildConfiguration section */

/* Begin XCConfigurationList section */
		FBCA37C12C9B2B7300985A27 /* Build configuration list for PBXProject "boceto_1" */ = {
			isa = XCConfigurationList;
			buildConfigurations = (
				FBCA37EE2C9B2B7400985A27 /* Debug */,
				FBCA37EF2C9B2B7400985A27 /* Release */,
			);
			defaultConfigurationIsVisible = 0;
			defaultConfigurationName = Release;
		};
		FBCA37F02C9B2B7400985A27 /* Build configuration list for PBXNativeTarget "boceto_1" */ = {
			isa = XCConfigurationList;
			buildConfigurations = (
				FBCA37F12C9B2B7400985A27 /* Debug */,
				FBCA37F22C9B2B7400985A27 /* Release */,
			);
			defaultConfigurationIsVisible = 0;
			defaultConfigurationName = Release;
		};
		FBCA37F32C9B2B7400985A27 /* Build configuration list for PBXNativeTarget "boceto_1Tests" */ = {
			isa = XCConfigurationList;
			buildConfigurations = (
				FBCA37F42C9B2B7400985A27 /* Debug */,
				FBCA37F52C9B2B7400985A27 /* Release */,
			);
			defaultConfigurationIsVisible = 0;
			defaultConfigurationName = Release;
		};
		FBCA37F62C9B2B7400985A27 /* Build configuration list for PBXNativeTarget "boceto_1UITests" */ = {
			isa = XCConfigurationList;
			buildConfigurations = (
				FBCA37F72C9B2B7400985A27 /* Debug */,
				FBCA37F82C9B2B7400985A27 /* Release */,
			);
			defaultConfigurationIsVisible = 0;
			defaultConfigurationName = Release;
		};
/* End XCConfigurationList section */
	};
	rootObject = FBCA37BE2C9B2B7300985A27 /* Project object */;
}
